Microsoft Visual Studio Solution File, Format Version 12.00
# Visual Studio Version 17
VisualStudioVersion = 17.5.2.0
MinimumVisualStudioVersion = 10.0.40219.1
Project("{FAE04EC0-301F-11D3-BF4B-00C04F79EFBC}") = "DumminosAPI", "DumminosAPI.csproj", "{7F80DAFD-DADA-BCA0-7362-C547048360F6}"
EndProject
Global
	GlobalSection(SolutionConfigurationPlatforms) = preSolution
		Debug|Any CPU = Debug|Any CPU
		Release|Any CPU = Release|Any CPU
	EndGlobalSection
	GlobalSection(ProjectConfigurationPlatforms) = postSolution
		{7F80DAFD-DADA-BCA0-7362-C547048360F6}.Debug|Any CPU.ActiveCfg = Debug|Any CPU
		{7F80DAFD-DADA-BCA0-7362-C547048360F6}.Debug|Any CPU.Build.0 = Debug|Any CPU
		{7F80DAFD-DADA-BCA0-7362-C547048360F6}.Release|Any CPU.ActiveCfg = Release|Any CPU
		{7F80DAFD-DADA-BCA0-7362-C547048360F6}.Release|Any CPU.Build.0 = Release|Any CPU
	EndGlobalSection
	GlobalSection(SolutionProperties) = preSolution
		HideSolutionNode = FALSE
	EndGlobalSection
	GlobalSection(ExtensibilityGlobals) = postSolution
		SolutionGuid = {B607F211-C51D-49AE-B41B-158314D331B6}
	EndGlobalSection
EndGlobal
